
Microsoft Visual Studio Solution File, Format Version 12.00
# Visual Studio Version 17
VisualStudioVersion = 17.11.35222.181
MinimumVisualStudioVersion = 10.0.40219.1
Project("{8BC9CEB8-8B4A-11D0-8D11-00A0C91BC942}") = "poker", "poker.vcxproj", "{E2AB9241-EBC8-4438-BE31-91021947AF03}"
EndProject
Global
	GlobalSection(SolutionConfigurationPlatforms) = preSolution
		Debug|x64 = Debug|x64
		Debug|x86 = Debug|x86
		Release|x64 = Release|x64
		Release|x86 = Release|x86
	EndGlobalSection
	GlobalSection(ProjectConfigurationPlatforms) = postSolution
		{E2AB9241-EBC8-4438-BE31-91021947AF03}.Debug|x64.ActiveCfg = Debug|x64
		{E2AB9241-EBC8-4438-BE31-91021947AF03}.Debug|x64.Build.0 = Debug|x64
		{E2AB9241-EBC8-4438-BE31-91021947AF03}.Debug|x86.ActiveCfg = Debug|Win32
		{E2AB9241-EBC8-4438-BE31-91021947AF03}.Debug|x86.Build.0 = Debug|Win32
		{E2AB9241-EBC8-4438-BE31-91021947AF03}.Release|x64.ActiveCfg = Release|x64
		{E2AB9241-EBC8-4438-BE31-91021947AF03}.Release|x64.Build.0 = Release|x64
		{E2AB9241-EBC8-4438-BE31-91021947AF03}.Release|x86.ActiveCfg = Release|Win32
		{E2AB9241-EBC8-4438-BE31-91021947AF03}.Release|x86.Build.0 = Release|Win32
	EndGlobalSection
	GlobalSection(SolutionProperties) = preSolution
		HideSolutionNode = FALSE
	EndGlobalSection
	GlobalSection(ExtensibilityGlobals) = postSolution
		SolutionGuid = {33CE7425-831A-4211-89DD-6AA50F2DBD99}
	EndGlobalSection
EndGlobal
